// !$*UTF8*$!
{
	archiveVersion = 1;
	classes = {
	};
	objectVersion = 50;
	objects = {

/* Begin PBXBuildFile section */
		B51D3BC12512583C00841B1A /* AppDelegate.swift in Sources */ = {isa = PBXBuildFile; fileRef = B51D3BC02512583C00841B1A /* AppDelegate.swift */; };
		B51D3BC32512583C00841B1A /* SceneDelegate.swift in Sources */ = {isa = PBXBuildFile; fileRef = B51D3BC22512583C00841B1A /* SceneDelegate.swift */; };
		B51D3BC52512583C00841B1A /* ContentView.swift in Sources */ = {isa = PBXBuildFile; fileRef = B51D3BC42512583C00841B1A /* ContentView.swift */; };
		B51D3BC72512583F00841B1A /* Assets.xcassets in Resources */ = {isa = PBXBuildFile; fileRef = B51D3BC62512583F00841B1A /* Assets.xcassets */; };
		B51D3BCA2512583F00841B1A /* Preview Assets.xcassets in Resources */ = {isa = PBXBuildFile; fileRef = B51D3BC92512583F00841B1A /* Preview Assets.xcassets */; };
		B51D3BCD2512583F00841B1A /* LaunchScreen.storyboard in Resources */ = {isa = PBXBuildFile; fileRef = B51D3BCB2512583F00841B1A /* LaunchScreen.storyboard */; };
		B51D3BD625125A3E00841B1A /* HomeView.swift in Sources */ = {isa = PBXBuildFile; fileRef = B51D3BD525125A3E00841B1A /* HomeView.swift */; };
		B51D3BD825126C4100841B1A /* LargeLocationButton.swift in Sources */ = {isa = PBXBuildFile; fileRef = B51D3BD725126C4100841B1A /* LargeLocationButton.swift */; };
/* End PBXBuildFile section */

/* Begin PBXFileReference section */
		B51D3BBD2512583C00841B1A /* VacationPlanner.app */ = {isa = PBXFileReference; explicitFileType = wrapper.application; includeInIndex = 0; path = VacationPlanner.app; sourceTree = BUILT_PRODUCTS_DIR; };
		B51D3BC02512583C00841B1A /* AppDelegate.swift */ = {isa = PBXFileReference; lastKnownFileType = sourcecode.swift; path = AppDelegate.swift; sourceTree = "<group>"; };
		B51D3BC22512583C00841B1A /* SceneDelegate.swift */ = {isa = PBXFileReference; lastKnownFileType = sourcecode.swift; path = SceneDelegate.swift; sourceTree = "<group>"; };
		B51D3BC42512583C00841B1A /* ContentView.swift */ = {isa = PBXFileReference; lastKnownFileType = sourcecode.swift; path = ContentView.swift; sourceTree = "<group>"; };
		B51D3BC62512583F00841B1A /* Assets.xcassets */ = {isa = PBXFileReference; lastKnownFileType = folder.assetcatalog; path = Assets.xcassets; sourceTree = "<group>"; };
		B51D3BC92512583F00841B1A /* Preview Assets.xcassets */ = {isa = PBXFileReference; lastKnownFileType = folder.assetcatalog; path = "Preview Assets.xcassets"; sourceTree = "<group>"; };
		B51D3BCC2512583F00841B1A /* Base */ = {isa = PBXFileReference; lastKnownFileType = file.storyboard; name = Base; path = Base.lproj/LaunchScreen.storyboard; sourceTree = "<group>"; };
		B51D3BCE2512583F00841B1A /* Info.plist */ = {isa = PBXFileReference; lastKnownFileType = text.plist.xml; path = Info.plist; sourceTree = "<group>"; };
		B51D3BD525125A3E00841B1A /* HomeView.swift */ = {isa = PBXFileReference; lastKnownFileType = sourcecode.swift; path = HomeView.swift; sourceTree = "<group>"; };
		B51D3BD725126C4100841B1A /* LargeLocationButton.swift */ = {isa = PBXFileReference; lastKnownFileType = sourcecode.swift; path = LargeLocationButton.swift; sourceTree = "<group>"; };
/* End PBXFileReference section */

/* Begin PBXFrameworksBuildPhase section */
		B51D3BBA2512583C00841B1A /* Frameworks */ = {
			isa = PBXFrameworksBuildPhase;
			buildActionMask = 2147483647;
			files = (
			);
			runOnlyForDeploymentPostprocessing = 0;
		};
/* End PBXFrameworksBuildPhase section */

/* Begin PBXGroup section */
		B51D3BB42512583C00841B1A = {
			isa = PBXGroup;
			children = (
				B51D3BBF2512583C00841B1A /* VacationPlanner */,
				B51D3BBE2512583C00841B1A /* Products */,
			);
			sourceTree = "<group>";
		};
		B51D3BBE2512583C00841B1A /* Products */ = {
			isa = PBXGroup;
			children = (
				B51D3BBD2512583C00841B1A /* VacationPlanner.app */,
			);
			name = Products;
			sourceTree = "<group>";
		};
		B51D3BBF2512583C00841B1A /* VacationPlanner */ = {
			isa = PBXGroup;
			children = (
				B51D3BD425125A1300841B1A /* Views */,
				B51D3BC02512583C00841B1A /* AppDelegate.swift */,
				B51D3BC22512583C00841B1A /* SceneDelegate.swift */,
				B51D3BC62512583F00841B1A /* Assets.xcassets */,
				B51D3BCB2512583F00841B1A /* LaunchScreen.storyboard */,
				B51D3BCE2512583F00841B1A /* Info.plist */,
				B51D3BC82512583F00841B1A /* Preview Content */,
			);
			path = VacationPlanner;
			sourceTree = "<group>";
		};
		B51D3BC82512583F00841B1A /* Preview Content */ = {
			isa = PBXGroup;
			children = (
				B51D3BC92512583F00841B1A /* Preview Assets.xcassets */,
			);
			path = "Preview Content";
			sourceTree = "<group>";
		};
		B51D3BD425125A1300841B1A /* Views */ = {
			isa = PBXGroup;
			children = (
				B51D3BC42512583C00841B1A /* ContentView.swift */,
				B51D3BD525125A3E00841B1A /* HomeView.swift */,
				B51D3BD725126C4100841B1A /* LargeLocationButton.swift */,
			);
			path = Views;
			sourceTree = "<group>";
		};
/* End PBXGroup section */

/* Begin PBXNativeTarget section */
		B51D3BBC2512583C00841B1A /* VacationPlanner */ = {
			isa = PBXNativeTarget;
			buildConfigurationList = B51D3BD12512583F00841B1A /* Build configuration list for PBXNativeTarget "VacationPlanner" */;
			buildPhases = (
				B51D3BB92512583C00841B1A /* Sources */,
				B51D3BBA2512583C00841B1A /* Frameworks */,
				B51D3BBB2512583C00841B1A /* Resources */,
			);
			buildRules = (
			);
			dependencies = (
			);
			name = VacationPlanner;
			productName = VacationPlanner;
			productReference = B51D3BBD2512583C00841B1A /* VacationPlanner.app */;
			productType = "com.apple.product-type.application";
		};
/* End PBXNativeTarget section */

/* Begin PBXProject section */
		B51D3BB52512583C00841B1A /* Project object */ = {
			isa = PBXProject;
			attributes = {
				LastSwiftUpdateCheck = 1160;
				LastUpgradeCheck = 1160;
				ORGANIZATIONNAME = CreatesApp;
				TargetAttributes = {
					B51D3BBC2512583C00841B1A = {
						CreatedOnToolsVersion = 11.6;
					};
				};
			};
			buildConfigurationList = B51D3BB82512583C00841B1A /* Build configuration list for PBXProject "VacationPlanner" */;
			compatibilityVersion = "Xcode 9.3";
			developmentRegion = en;
			hasScannedForEncodings = 0;
			knownRegions = (
				en,
				Base,
			);
			mainGroup = B51D3BB42512583C00841B1A;
			productRefGroup = B51D3BBE2512583C00841B1A /* Products */;
			projectDirPath = "";
			projectRoot = "";
			targets = (
				B51D3BBC2512583C00841B1A /* VacationPlanner */,
			);
		};
/* End PBXProject section */

/* Begin PBXResourcesBuildPhase section */
		B51D3BBB2512583C00841B1A /* Resources */ = {
			isa = PBXResourcesBuildPhase;
			buildActionMask = 2147483647;
			files = (
				B51D3BCD2512583F00841B1A /* LaunchScreen.storyboard in Resources */,
				B51D3BCA2512583F00841B1A /* Preview Assets.xcassets in Resources */,
				B51D3BC72512583F00841B1A /* Assets.xcassets in Resources */,
			);
			runOnlyForDeploymentPostprocessing = 0;
		};
/* End PBXResourcesBuildPhase section */

/* Begin PBXSourcesBuildPhase section */
		B51D3BB92512583C00841B1A /* Sources */ = {
			isa = PBXSourcesBuildPhase;
			buildActionMask = 2147483647;
			files = (
				B51D3BC12512583C00841B1A /* AppDelegate.swift in Sources */,
				B51D3BD625125A3E00841B1A /* HomeView.swift in Sources */,
				B51D3BC32512583C00841B1A /* SceneDelegate.swift in Sources */,
				B51D3BD825126C4100841B1A /* LargeLocationButton.swift in Sources */,
				B51D3BC52512583C00841B1A /* ContentView.swift in Sources */,
			);
			runOnlyForDeploymentPostprocessing = 0;
		};
/* End PBXSourcesBuildPhase section */

/* Begin PBXVariantGroup section */
		B51D3BCB2512583F00841B1A /* LaunchScreen.storyboard */ = {
			isa = PBXVariantGroup;
			children = (
				B51D3BCC2512583F00841B1A /* Base */,
			);
			name = LaunchScreen.storyboard;
			sourceTree = "<group>";
		};
/* End PBXVariantGroup section */

/* Begin XCBuildConfiguration section */
		B51D3BCF2512583F00841B1A /* Debug */ = {
			isa = XCBuildConfiguration;
			buildSettings = {
				ALWAYS_SEARCH_USER_PATHS = NO;
				CLANG_ANALYZER_NONNULL = YES;
				CLANG_ANALYZER_NUMBER_OBJECT_CONVERSION = YES_AGGRESSIVE;
				CLANG_CXX_LANGUAGE_STANDARD = "gnu++14";
				CLANG_CXX_LIBRARY = "libc++";
				CLANG_ENABLE_MODULES = YES;
				CLANG_ENABLE_OBJC_ARC = YES;
				CLANG_ENABLE_OBJC_WEAK = YES;
				CLANG_WARN_BLOCK_CAPTURE_AUTORELEASING = YES;
				CLANG_WARN_BOOL_CONVERSION = YES;
				CLANG_WARN_COMMA = YES;
				CLANG_WARN_CONSTANT_CONVERSION = YES;
				CLANG_WARN_DEPRECATED_OBJC_IMPLEMENTATIONS = YES;
				CLANG_WARN_DIRECT_OBJC_ISA_USAGE = YES_ERROR;
				CLANG_WARN_DOCUMENTATION_COMMENTS = YES;
				CLANG_WARN_EMPTY_BODY = YES;
				CLANG_WARN_ENUM_CONVERSION = YES;
				CLANG_WARN_INFINITE_RECURSION = YES;
				CLANG_WARN_INT_CONVERSION = YES;
				CLANG_WARN_NON_LITERAL_NULL_CONVERSION = YES;
				CLANG_WARN_OBJC_IMPLICIT_RETAIN_SELF = YES;
				CLANG_WARN_OBJC_LITERAL_CONVERSION = YES;
				CLANG_WARN_OBJC_ROOT_CLASS = YES_ERROR;
				CLANG_WARN_RANGE_LOOP_ANALYSIS = YES;
				CLANG_WARN_STRICT_PROTOTYPES = YES;
				CLANG_WARN_SUSPICIOUS_MOVE = YES;
				CLANG_WARN_UNGUARDED_AVAILABILITY = YES_AGGRESSIVE;
				CLANG_WARN_UNREACHABLE_CODE = YES;
				CLANG_WARN__DUPLICATE_METHOD_MATCH = YES;
				COPY_PHASE_STRIP = NO;
				DEBUG_INFORMATION_FORMAT = dwarf;
				ENABLE_STRICT_OBJC_MSGSEND = YES;
				ENABLE_TESTABILITY = YES;
				GCC_C_LANGUAGE_STANDARD = gnu11;
				GCC_DYNAMIC_NO_PIC = NO;
				GCC_NO_COMMON_BLOCKS = YES;
				GCC_OPTIMIZATION_LEVEL = 0;
				GCC_PREPROCESSOR_DEFINITIONS = (
					"DEBUG=1",
					"$(inherited)",
				);
				GCC_WARN_64_TO_32_BIT_CONVERSION = YES;
				GCC_WARN_ABOUT_RETURN_TYPE = YES_ERROR;
				GCC_WARN_UNDECLARED_SELECTOR = YES;
				GCC_WARN_UNINITIALIZED_AUTOS = YES_AGGRESSIVE;
				GCC_WARN_UNUSED_FUNCTION = YES;
				GCC_WARN_UNUSED_VARIABLE = YES;
				IPHONEOS_DEPLOYMENT_TARGET = 13.6;
				MTL_ENABLE_DEBUG_INFO = INCLUDE_SOURCE;
				MTL_FAST_MATH = YES;
				ONLY_ACTIVE_ARCH = YES;
				SDKROOT = iphoneos;
				SWIFT_ACTIVE_COMPILATION_CONDITIONS = DEBUG;
				SWIFT_OPTIMIZATION_LEVEL = "-Onone";
			};
			name = Debug;
		};
		B51D3BD02512583F00841B1A /* Release */ = {
			isa = XCBuildConfiguration;
			buildSettings = {
				ALWAYS_SEARCH_USER_PATHS = NO;
				CLANG_ANALYZER_NONNULL = YES;
				CLANG_ANALYZER_NUMBER_OBJECT_CONVERSION = YES_AGGRESSIVE;
				CLANG_CXX_LANGUAGE_STANDARD = "gnu++14";
				CLANG_CXX_LIBRARY = "libc++";
				CLANG_ENABLE_MODULES = YES;
				CLANG_ENABLE_OBJC_ARC = YES;
				CLANG_ENABLE_OBJC_WEAK = YES;
				CLANG_WARN_BLOCK_CAPTURE_AUTORELEASING = YES;
				CLANG_WARN_BOOL_CONVERSION = YES;
				CLANG_WARN_COMMA = YES;
				CLANG_WARN_CONSTANT_CONVERSION = YES;
				CLANG_WARN_DEPRECATED_OBJC_IMPLEMENTATIONS = YES;
				CLANG_WARN_DIRECT_OBJC_ISA_USAGE = YES_ERROR;
				CLANG_WARN_DOCUMENTATION_COMMENTS = YES;
				CLANG_WARN_EMPTY_BODY = YES;
				CLANG_WARN_ENUM_CONVERSION = YES;
				CLANG_WARN_INFINITE_RECURSION = YES;
				CLANG_WARN_INT_CONVERSION = YES;
				CLANG_WARN_NON_LITERAL_NULL_CONVERSION = YES;
				CLANG_WARN_OBJC_IMPLICIT_RETAIN_SELF = YES;
				CLANG_WARN_OBJC_LITERAL_CONVERSION = YES;
				CLANG_WARN_OBJC_ROOT_CLASS = YES_ERROR;
				CLANG_WARN_RANGE_LOOP_ANALYSIS = YES;
				CLANG_WARN_STRICT_PROTOTYPES = YES;
				CLANG_WARN_SUSPICIOUS_MOVE = YES;
				CLANG_WARN_UNGUARDED_AVAILABILITY = YES_AGGRESSIVE;
				CLANG_WARN_UNREACHABLE_CODE = YES;
				CLANG_WARN__DUPLICATE_METHOD_MATCH = YES;
				COPY_PHASE_STRIP = NO;
				DEBUG_INFORMATION_FORMAT = "dwarf-with-dsym";
				ENABLE_NS_ASSERTIONS = NO;
				ENABLE_STRICT_OBJC_MSGSEND = YES;
				GCC_C_LANGUAGE_STANDARD = gnu11;
				GCC_NO_COMMON_BLOCKS = YES;
				GCC_WARN_64_TO_32_BIT_CONVERSION = YES;
				GCC_WARN_ABOUT_RETURN_TYPE = YES_ERROR;
				GCC_WARN_UNDECLARED_SELECTOR = YES;
				GCC_WARN_UNINITIALIZED_AUTOS = YES_AGGRESSIVE;
				GCC_WARN_UNUSED_FUNCTION = YES;
				GCC_WARN_UNUSED_VARIABLE = YES;
				IPHONEOS_DEPLOYMENT_TARGET = 13.6;
				MTL_ENABLE_DEBUG_INFO = NO;
				MTL_FAST_MATH = YES;
				SDKROOT = iphoneos;
				SWIFT_COMPILATION_MODE = wholemodule;
				SWIFT_OPTIMIZATION_LEVEL = "-O";
				VALIDATE_PRODUCT = YES;
			};
			name = Release;
		};
		B51D3BD22512583F00841B1A /* Debug */ = {
			isa = XCBuildConfiguration;
			buildSettings = {
				ASSETCATALOG_COMPILER_APPICON_NAME = AppIcon;
				CODE_SIGN_STYLE = Automatic;
				DEVELOPMENT_ASSET_PATHS = "\"VacationPlanner/Preview Content\"";
				ENABLE_PREVIEWS = YES;
				INFOPLIST_FILE = VacationPlanner/Info.plist;
				LD_RUNPATH_SEARCH_PATHS = (
					"$(inherited)",
					"@executable_path/Frameworks",
				);
				PRODUCT_BUNDLE_IDENTIFIER = com.createsapp.VacationPlanner;
				PRODUCT_NAME = "$(TARGET_NAME)";
				SWIFT_VERSION = 5.0;
				TARGETED_DEVICE_FAMILY = "1,2";
			};
			name = Debug;
		};
		B51D3BD32512583F00841B1A /* Release */ = {
			isa = XCBuildConfiguration;
			buildSettings = {
				ASSETCATALOG_COMPILER_APPICON_NAME = AppIcon;
				CODE_SIGN_STYLE = Automatic;
				DEVELOPMENT_ASSET_PATHS = "\"VacationPlanner/Preview Content\"";
				ENABLE_PREVIEWS = YES;
				INFOPLIST_FILE = VacationPlanner/Info.plist;
				LD_RUNPATH_SEARCH_PATHS = (
					"$(inherited)",
					"@executable_path/Frameworks",
				);
				PRODUCT_BUNDLE_IDENTIFIER = com.createsapp.VacationPlanner;
				PRODUCT_NAME = "$(TARGET_NAME)";
				SWIFT_VERSION = 5.0;
				TARGETED_DEVICE_FAMILY = "1,2";
			};
			name = Release;
		};
/* End XCBuildConfiguration section */

/* Begin XCConfigurationList section */
		B51D3BB82512583C00841B1A /* Build configuration list for PBXProject "VacationPlanner" */ = {
			isa = XCConfigurationList;
			buildConfigurations = (
				B51D3BCF2512583F00841B1A /* Debug */,
				B51D3BD02512583F00841B1A /* Release */,
			);
			defaultConfigurationIsVisible = 0;
			defaultConfigurationName = Release;
		};
		B51D3BD12512583F00841B1A /* Build configuration list for PBXNativeTarget "VacationPlanner" */ = {
			isa = XCConfigurationList;
			buildConfigurations = (
				B51D3BD22512583F00841B1A /* Debug */,
				B51D3BD32512583F00841B1A /* Release */,
			);
			defaultConfigurationIsVisible = 0;
			defaultConfigurationName = Release;
		};
/* End XCConfigurationList section */
	};
	rootObject = B51D3BB52512583C00841B1A /* Project object */;
}
